
Microsoft Visual Studio Solution File, Format Version 12.00
# Visual Studio Version 17
VisualStudioVersion = 17.5.33530.505
MinimumVisualStudioVersion = 10.0.40219.1
Project("{9A19103F-16F7-4668-BE54-9A1E7A4F7556}") = "SingleInstanceAccumulator", "SingleInstanceAccumulator.csproj", "{44A33923-2551-4D1E-BFA4-D4DADF883A95}"
EndProject
Global
	GlobalSection(SolutionConfigurationPlatforms) = preSolution
		Debug|Any CPU = Debug|Any CPU
		Release|Any CPU = Release|Any CPU
	EndGlobalSection
	GlobalSection(ProjectConfigurationPlatforms) = postSolution
		{44A33923-2551-4D1E-BFA4-D4DADF883A95}.Debug|Any CPU.ActiveCfg = Debug|Any CPU
		{44A33923-2551-4D1E-BFA4-D4DADF883A95}.Debug|Any CPU.Build.0 = Debug|Any CPU
		{44A33923-2551-4D1E-BFA4-D4DADF883A95}.Release|Any CPU.ActiveCfg = Release|Any CPU
		{44A33923-2551-4D1E-BFA4-D4DADF883A95}.Release|Any CPU.Build.0 = Release|Any CPU
	EndGlobalSection
	GlobalSection(SolutionProperties) = preSolution
		HideSolutionNode = FALSE
	EndGlobalSection
	GlobalSection(ExtensibilityGlobals) = postSolution
		SolutionGuid = {F112C6B7-A64C-4200-90CC-45963D29EF59}
	EndGlobalSection
EndGlobal
